// !$*UTF8*$!
{
	archiveVersion = 1;
	classes = {
	};
	objectVersion = 46;
	objects = {

/* Begin PBXBuildFile section */
		49BE6BAF1DC5536300D137FE /* AppDelegate.swift in Sources */ = {isa = PBXBuildFile; fileRef = 49BE6BAE1DC5536300D137FE /* AppDelegate.swift */; };
		49BE6BB11DC5536300D137FE /* ViewController.swift in Sources */ = {isa = PBXBuildFile; fileRef = 49BE6BB01DC5536300D137FE /* ViewController.swift */; };
		49BE6BB41DC5536300D137FE /* Main.storyboard in Resources */ = {isa = PBXBuildFile; fileRef = 49BE6BB21DC5536300D137FE /* Main.storyboard */; };
		49BE6BB71DC5536300D137FE /* Slide_Images.xcdatamodeld in Sources */ = {isa = PBXBuildFile; fileRef = 49BE6BB51DC5536300D137FE /* Slide_Images.xcdatamodeld */; };
		49BE6BB91DC5536300D137FE /* Assets.xcassets in Resources */ = {isa = PBXBuildFile; fileRef = 49BE6BB81DC5536300D137FE /* Assets.xcassets */; };
		49BE6BBC1DC5536300D137FE /* LaunchScreen.storyboard in Resources */ = {isa = PBXBuildFile; fileRef = 49BE6BBA1DC5536300D137FE /* LaunchScreen.storyboard */; };
/* End PBXBuildFile section */

/* Begin PBXFileReference section */
		49BE6BAB1DC5536300D137FE /* Slide_Images.app */ = {isa = PBXFileReference; explicitFileType = wrapper.application; includeInIndex = 0; path = Slide_Images.app; sourceTree = BUILT_PRODUCTS_DIR; };
		49BE6BAE1DC5536300D137FE /* AppDelegate.swift */ = {isa = PBXFileReference; lastKnownFileType = sourcecode.swift; path = AppDelegate.swift; sourceTree = "<group>"; };
		49BE6BB01DC5536300D137FE /* ViewController.swift */ = {isa = PBXFileReference; lastKnownFileType = sourcecode.swift; path = ViewController.swift; sourceTree = "<group>"; };
		49BE6BB31DC5536300D137FE /* Base */ = {isa = PBXFileReference; lastKnownFileType = file.storyboard; name = Base; path = Base.lproj/Main.storyboard; sourceTree = "<group>"; };
		49BE6BB61DC5536300D137FE /* Slide_Images.xcdatamodel */ = {isa = PBXFileReference; lastKnownFileType = wrapper.xcdatamodel; path = Slide_Images.xcdatamodel; sourceTree = "<group>"; };
		49BE6BB81DC5536300D137FE /* Assets.xcassets */ = {isa = PBXFileReference; lastKnownFileType = folder.assetcatalog; path = Assets.xcassets; sourceTree = "<group>"; };
		49BE6BBB1DC5536300D137FE /* Base */ = {isa = PBXFileReference; lastKnownFileType = file.storyboard; name = Base; path = Base.lproj/LaunchScreen.storyboard; sourceTree = "<group>"; };
		49BE6BBD1DC5536300D137FE /* Info.plist */ = {isa = PBXFileReference; lastKnownFileType = text.plist.xml; path = Info.plist; sourceTree = "<group>"; };
/* End PBXFileReference section */

/* Begin PBXFrameworksBuildPhase section */
		49BE6BA81DC5536300D137FE /* Frameworks */ = {
			isa = PBXFrameworksBuildPhase;
			buildActionMask = 2147483647;
			files = (
			);
			runOnlyForDeploymentPostprocessing = 0;
		};
/* End PBXFrameworksBuildPhase section */

/* Begin PBXGroup section */
		49BE6BA21DC5536300D137FE = {
			isa = PBXGroup;
			children = (
				49BE6BAD1DC5536300D137FE /* Slide_Images */,
				49BE6BAC1DC5536300D137FE /* Products */,
			);
			sourceTree = "<group>";
		};
		49BE6BAC1DC5536300D137FE /* Products */ = {
			isa = PBXGroup;
			children = (
				49BE6BAB1DC5536300D137FE /* Slide_Images.app */,
			);
			name = Products;
			sourceTree = "<group>";
		};
		49BE6BAD1DC5536300D137FE /* Slide_Images */ = {
			isa = PBXGroup;
			children = (
				49BE6BAE1DC5536300D137FE /* AppDelegate.swift */,
				49BE6BB01DC5536300D137FE /* ViewController.swift */,
				49BE6BB21DC5536300D137FE /* Main.storyboard */,
				49BE6BB81DC5536300D137FE /* Assets.xcassets */,
				49BE6BBA1DC5536300D137FE /* LaunchScreen.storyboard */,
				49BE6BBD1DC5536300D137FE /* Info.plist */,
				49BE6BB51DC5536300D137FE /* Slide_Images.xcdatamodeld */,
			);
			path = Slide_Images;
			sourceTree = "<group>";
		};
/* End PBXGroup section */

/* Begin PBXNativeTarget section */
		49BE6BAA1DC5536300D137FE /* Slide_Images */ = {
			isa = PBXNativeTarget;
			buildConfigurationList = 49BE6BC01DC5536300D137FE /* Build configuration list for PBXNativeTarget "Slide_Images" */;
			buildPhases = (
				49BE6BA71DC5536300D137FE /* Sources */,
				49BE6BA81DC5536300D137FE /* Frameworks */,
				49BE6BA91DC5536300D137FE /* Resources */,
			);
			buildRules = (
			);
			dependencies = (
			);
			name = Slide_Images;
			productName = Slide_Images;
			productReference = 49BE6BAB1DC5536300D137FE /* Slide_Images.app */;
			productType = "com.apple.product-type.application";
		};
/* End PBXNativeTarget section */

/* Begin PBXProject section */
		49BE6BA31DC5536300D137FE /* Project object */ = {
			isa = PBXProject;
			attributes = {
				LastSwiftUpdateCheck = 0810;
				LastUpgradeCheck = 0810;
				ORGANIZATIONNAME = Andrew;
				TargetAttributes = {
					49BE6BAA1DC5536300D137FE = {
						CreatedOnToolsVersion = 8.1;
						DevelopmentTeam = ZFBZU5U4C5;
						ProvisioningStyle = Automatic;
					};
				};
			};
			buildConfigurationList = 49BE6BA61DC5536300D137FE /* Build configuration list for PBXProject "Slide_Images" */;
			compatibilityVersion = "Xcode 3.2";
			developmentRegion = English;
			hasScannedForEncodings = 0;
			knownRegions = (
				en,
				Base,
			);
			mainGroup = 49BE6BA21DC5536300D137FE;
			productRefGroup = 49BE6BAC1DC5536300D137FE /* Products */;
			projectDirPath = "";
			projectRoot = "";
			targets = (
				49BE6BAA1DC5536300D137FE /* Slide_Images */,
			);
		};
/* End PBXProject section */

/* Begin PBXResourcesBuildPhase section */
		49BE6BA91DC5536300D137FE /* Resources */ = {
			isa = PBXResourcesBuildPhase;
			buildActionMask = 2147483647;
			files = (
				49BE6BBC1DC5536300D137FE /* LaunchScreen.storyboard in Resources */,
				49BE6BB91DC5536300D137FE /* Assets.xcassets in Resources */,
				49BE6BB41DC5536300D137FE /* Main.storyboard in Resources */,
			);
			runOnlyForDeploymentPostprocessing = 0;
		};
/* End PBXResourcesBuildPhase section */

/* Begin PBXSourcesBuildPhase section */
		49BE6BA71DC5536300D137FE /* Sources */ = {
			isa = PBXSourcesBuildPhase;
			buildActionMask = 2147483647;
			files = (
				49BE6BB71DC5536300D137FE /* Slide_Images.xcdatamodeld in Sources */,
				49BE6BB11DC5536300D137FE /* ViewController.swift in Sources */,
				49BE6BAF1DC5536300D137FE /* AppDelegate.swift in Sources */,
			);
			runOnlyForDeploymentPostprocessing = 0;
		};
/* End PBXSourcesBuildPhase section */

/* Begin PBXVariantGroup section */
		49BE6BB21DC5536300D137FE /* Main.storyboard */ = {
			isa = PBXVariantGroup;
			children = (
				49BE6BB31DC5536300D137FE /* Base */,
			);
			name = Main.storyboard;
			sourceTree = "<group>";
		};
		49BE6BBA1DC5536300D137FE /* LaunchScreen.storyboard */ = {
			isa = PBXVariantGroup;
			children = (
				49BE6BBB1DC5536300D137FE /* Base */,
			);
			name = LaunchScreen.storyboard;
			sourceTree = "<group>";
		};
/* End PBXVariantGroup section */

/* Begin XCBuildConfiguration section */
		49BE6BBE1DC5536300D137FE /* Debug */ = {
			isa = XCBuildConfiguration;
			buildSettings = {
				ALWAYS_SEARCH_USER_PATHS = NO;
				CLANG_ANALYZER_NONNULL = YES;
				CLANG_CXX_LANGUAGE_STANDARD = "gnu++0x";
				CLANG_CXX_LIBRARY = "libc++";
				CLANG_ENABLE_MODULES = YES;
				CLANG_ENABLE_OBJC_ARC = YES;
				CLANG_WARN_BOOL_CONVERSION = YES;
				CLANG_WARN_CONSTANT_CONVERSION = YES;
				CLANG_WARN_DIRECT_OBJC_ISA_USAGE = YES_ERROR;
				CLANG_WARN_DOCUMENTATION_COMMENTS = YES;
				CLANG_WARN_EMPTY_BODY = YES;
				CLANG_WARN_ENUM_CONVERSION = YES;
				CLANG_WARN_INFINITE_RECURSION = YES;
				CLANG_WARN_INT_CONVERSION = YES;
				CLANG_WARN_OBJC_ROOT_CLASS = YES_ERROR;
				CLANG_WARN_SUSPICIOUS_MOVES = YES;
				CLANG_WARN_UNREACHABLE_CODE = YES;
				CLANG_WARN__DUPLICATE_METHOD_MATCH = YES;
				"CODE_SIGN_IDENTITY[sdk=iphoneos*]" = "iPhone Developer";
				COPY_PHASE_STRIP = NO;
				DEBUG_INFORMATION_FORMAT = dwarf;
				ENABLE_STRICT_OBJC_MSGSEND = YES;
				ENABLE_TESTABILITY = YES;
				GCC_C_LANGUAGE_STANDARD = gnu99;
				GCC_DYNAMIC_NO_PIC = NO;
				GCC_NO_COMMON_BLOCKS = YES;
				GCC_OPTIMIZATION_LEVEL = 0;
				GCC_PREPROCESSOR_DEFINITIONS = (
					"DEBUG=1",
					"$(inherited)",
				);
				GCC_WARN_64_TO_32_BIT_CONVERSION = YES;
				GCC_WARN_ABOUT_RETURN_TYPE = YES_ERROR;
				GCC_WARN_UNDECLARED_SELECTOR = YES;
				GCC_WARN_UNINITIALIZED_AUTOS = YES_AGGRESSIVE;
				GCC_WARN_UNUSED_FUNCTION = YES;
				GCC_WARN_UNUSED_VARIABLE = YES;
				IPHONEOS_DEPLOYMENT_TARGET = 10.1;
				MTL_ENABLE_DEBUG_INFO = YES;
				ONLY_ACTIVE_ARCH = YES;
				SDKROOT = iphoneos;
				SWIFT_ACTIVE_COMPILATION_CONDITIONS = DEBUG;
				SWIFT_OPTIMIZATION_LEVEL = "-Onone";
				TARGETED_DEVICE_FAMILY = "1,2";
			};
			name = Debug;
		};
		49BE6BBF1DC5536300D137FE /* Release */ = {
			isa = XCBuildConfiguration;
			buildSettings = {
				ALWAYS_SEARCH_USER_PATHS = NO;
				CLANG_ANALYZER_NONNULL = YES;
				CLANG_CXX_LANGUAGE_STANDARD = "gnu++0x";
				CLANG_CXX_LIBRARY = "libc++";
				CLANG_ENABLE_MODULES = YES;
				CLANG_ENABLE_OBJC_ARC = YES;
				CLANG_WARN_BOOL_CONVERSION = YES;
				CLANG_WARN_CONSTANT_CONVERSION = YES;
				CLANG_WARN_DIRECT_OBJC_ISA_USAGE = YES_ERROR;
				CLANG_WARN_DOCUMENTATION_COMMENTS = YES;
				CLANG_WARN_EMPTY_BODY = YES;
				CLANG_WARN_ENUM_CONVERSION = YES;
				CLANG_WARN_INFINITE_RECURSION = YES;
				CLANG_WARN_INT_CONVERSION = YES;
				CLANG_WARN_OBJC_ROOT_CLASS = YES_ERROR;
				CLANG_WARN_SUSPICIOUS_MOVES = YES;
				CLANG_WARN_UNREACHABLE_CODE = YES;
				CLANG_WARN__DUPLICATE_METHOD_MATCH = YES;
				"CODE_SIGN_IDENTITY[sdk=iphoneos*]" = "iPhone Developer";
				COPY_PHASE_STRIP = NO;
				DEBUG_INFORMATION_FORMAT = "dwarf-with-dsym";
				ENABLE_NS_ASSERTIONS = NO;
				ENABLE_STRICT_OBJC_MSGSEND = YES;
				GCC_C_LANGUAGE_STANDARD = gnu99;
				GCC_NO_COMMON_BLOCKS = YES;
				GCC_WARN_64_TO_32_BIT_CONVERSION = YES;
				GCC_WARN_ABOUT_RETURN_TYPE = YES_ERROR;
				GCC_WARN_UNDECLARED_SELECTOR = YES;
				GCC_WARN_UNINITIALIZED_AUTOS = YES_AGGRESSIVE;
				GCC_WARN_UNUSED_FUNCTION = YES;
				GCC_WARN_UNUSED_VARIABLE = YES;
				IPHONEOS_DEPLOYMENT_TARGET = 10.1;
				MTL_ENABLE_DEBUG_INFO = NO;
				SDKROOT = iphoneos;
				SWIFT_OPTIMIZATION_LEVEL = "-Owholemodule";
				TARGETED_DEVICE_FAMILY = "1,2";
				VALIDATE_PRODUCT = YES;
			};
			name = Release;
		};
		49BE6BC11DC5536300D137FE /* Debug */ = {
			isa = XCBuildConfiguration;
			buildSettings = {
				ASSETCATALOG_COMPILER_APPICON_NAME = AppIcon;
				DEVELOPMENT_TEAM = ZFBZU5U4C5;
				INFOPLIST_FILE = Slide_Images/Info.plist;
				LD_RUNPATH_SEARCH_PATHS = "$(inherited) @executable_path/Frameworks";
				PRODUCT_BUNDLE_IDENTIFIER = "azdigital.ca.Slide-Images";
				PRODUCT_NAME = "$(TARGET_NAME)";
				SWIFT_VERSION = 3.0;
			};
			name = Debug;
		};
		49BE6BC21DC5536300D137FE /* Release */ = {
			isa = XCBuildConfiguration;
			buildSettings = {
				ASSETCATALOG_COMPILER_APPICON_NAME = AppIcon;
				DEVELOPMENT_TEAM = ZFBZU5U4C5;
				INFOPLIST_FILE = Slide_Images/Info.plist;
				LD_RUNPATH_SEARCH_PATHS = "$(inherited) @executable_path/Frameworks";
				PRODUCT_BUNDLE_IDENTIFIER = "azdigital.ca.Slide-Images";
				PRODUCT_NAME = "$(TARGET_NAME)";
				SWIFT_VERSION = 3.0;
			};
			name = Release;
		};
/* End XCBuildConfiguration section */

/* Begin XCConfigurationList section */
		49BE6BA61DC5536300D137FE /* Build configuration list for PBXProject "Slide_Images" */ = {
			isa = XCConfigurationList;
			buildConfigurations = (
				49BE6BBE1DC5536300D137FE /* Debug */,
				49BE6BBF1DC5536300D137FE /* Release */,
			);
			defaultConfigurationIsVisible = 0;
			defaultConfigurationName = Release;
		};
		49BE6BC01DC5536300D137FE /* Build configuration list for PBXNativeTarget "Slide_Images" */ = {
			isa = XCConfigurationList;
			buildConfigurations = (
				49BE6BC11DC5536300D137FE /* Debug */,
				49BE6BC21DC5536300D137FE /* Release */,
			);
			defaultConfigurationIsVisible = 0;
		};
/* End XCConfigurationList section */

/* Begin XCVersionGroup section */
		49BE6BB51DC5536300D137FE /* Slide_Images.xcdatamodeld */ = {
			isa = XCVersionGroup;
			children = (
				49BE6BB61DC5536300D137FE /* Slide_Images.xcdatamodel */,
			);
			currentVersion = 49BE6BB61DC5536300D137FE /* Slide_Images.xcdatamodel */;
			path = Slide_Images.xcdatamodeld;
			sourceTree = "<group>";
			versionGroupType = wrapper.xcdatamodel;
		};
/* End XCVersionGroup section */
	};
	rootObject = 49BE6BA31DC5536300D137FE /* Project object */;
}
